// !$*UTF8*$!
{
	archiveVersion = 1;
	classes = {
	};
	objectVersion = 56;
	objects = {

/* Begin PBXBuildFile section */
		870B69A52B473101001E6A2F /* LocationPermissionAlwaysView.swift in Sources */ = {isa = PBXBuildFile; fileRef = 870B69A42B473101001E6A2F /* LocationPermissionAlwaysView.swift */; };
		870B69A72B4752CF001E6A2F /* LocationPermissionBySettingsView.swift in Sources */ = {isa = PBXBuildFile; fileRef = 870B69A62B4752CF001E6A2F /* LocationPermissionBySettingsView.swift */; };
		870B69A92B499D49001E6A2F /* InfoPlist.xcstrings in Resources */ = {isa = PBXBuildFile; fileRef = 870B69A82B499D49001E6A2F /* InfoPlist.xcstrings */; };
		870B69AB2B49DDAB001E6A2F /* ParentalPermissionView.swift in Sources */ = {isa = PBXBuildFile; fileRef = 870B69AA2B49DDAB001E6A2F /* ParentalPermissionView.swift */; };
		870B69AE2B4B5563001E6A2F /* LocationInfo.swift in Sources */ = {isa = PBXBuildFile; fileRef = 870B69AD2B4B5563001E6A2F /* LocationInfo.swift */; };
		870CCC4C2B3C518D0042C976 /* LohabiApp.swift in Sources */ = {isa = PBXBuildFile; fileRef = 870CCC4B2B3C518D0042C976 /* LohabiApp.swift */; };
		870CCC4E2B3C518D0042C976 /* ContentView.swift in Sources */ = {isa = PBXBuildFile; fileRef = 870CCC4D2B3C518D0042C976 /* ContentView.swift */; };
		870CCC502B3C518E0042C976 /* Assets.xcassets in Resources */ = {isa = PBXBuildFile; fileRef = 870CCC4F2B3C518E0042C976 /* Assets.xcassets */; };
		870CCC532B3C518E0042C976 /* Preview Assets.xcassets in Resources */ = {isa = PBXBuildFile; fileRef = 870CCC522B3C518E0042C976 /* Preview Assets.xcassets */; };
		87945B112B8BA80A008E8AD9 /* LobabiLocation.swift in Sources */ = {isa = PBXBuildFile; fileRef = 87945B102B8BA80A008E8AD9 /* LobabiLocation.swift */; };
		87945B132B8BE43B008E8AD9 /* LocationRow.swift in Sources */ = {isa = PBXBuildFile; fileRef = 87945B122B8BE43B008E8AD9 /* LocationRow.swift */; };
		87945B152B9239C0008E8AD9 /* LohabiLocationMapView.swift in Sources */ = {isa = PBXBuildFile; fileRef = 87945B142B9239C0008E8AD9 /* LohabiLocationMapView.swift */; };
		87BFB7362B3DF4310069456C /* AddLohabiLocationView.swift in Sources */ = {isa = PBXBuildFile; fileRef = 87BFB7352B3DF4310069456C /* AddLohabiLocationView.swift */; };
		87BFB7392B3E0DE30069456C /* SettingsView.swift in Sources */ = {isa = PBXBuildFile; fileRef = 87BFB7382B3E0DE30069456C /* SettingsView.swift */; };
		87BFB7422B3E2FFE0069456C /* LohabiNavigationStack.swift in Sources */ = {isa = PBXBuildFile; fileRef = 87BFB7412B3E2FFE0069456C /* LohabiNavigationStack.swift */; };
		87BFB7462B40D9040069456C /* OnboardingView.swift in Sources */ = {isa = PBXBuildFile; fileRef = 87BFB7452B40D9030069456C /* OnboardingView.swift */; };
		87BFB7482B41AA290069456C /* WelcomeView.swift in Sources */ = {isa = PBXBuildFile; fileRef = 87BFB7472B41AA290069456C /* WelcomeView.swift */; };
		87BFB74A2B41AA840069456C /* FinishedView.swift in Sources */ = {isa = PBXBuildFile; fileRef = 87BFB7492B41AA840069456C /* FinishedView.swift */; };
		87BFB74C2B41C28E0069456C /* OnboardingContentView.swift in Sources */ = {isa = PBXBuildFile; fileRef = 87BFB74B2B41C28E0069456C /* OnboardingContentView.swift */; };
		87BFB7502B41D21E0069456C /* LocationPermissionWhenInUseView.swift in Sources */ = {isa = PBXBuildFile; fileRef = 87BFB74F2B41D21E0069456C /* LocationPermissionWhenInUseView.swift */; };
		87E3FB752B447F640033A085 /* LohabiPrimaryButton.swift in Sources */ = {isa = PBXBuildFile; fileRef = 87E3FB742B447F640033A085 /* LohabiPrimaryButton.swift */; };
		87E3FB782B448AB10033A085 /* OnboardingManager.swift in Sources */ = {isa = PBXBuildFile; fileRef = 87E3FB772B448AB10033A085 /* OnboardingManager.swift */; };
		87E3FB7A2B4492010033A085 /* UserDefaultsManager.swift in Sources */ = {isa = PBXBuildFile; fileRef = 87E3FB792B4492010033A085 /* UserDefaultsManager.swift */; };
		87E3FB7C2B44B21A0033A085 /* Localizable.xcstrings in Resources */ = {isa = PBXBuildFile; fileRef = 87E3FB7B2B44B21A0033A085 /* Localizable.xcstrings */; };
		87E3FB7E2B44CBCE0033A085 /* LohabiSecondaryButton.swift in Sources */ = {isa = PBXBuildFile; fileRef = 87E3FB7D2B44CBCE0033A085 /* LohabiSecondaryButton.swift */; };
		87E3FB802B46E3540033A085 /* LocationManager.swift in Sources */ = {isa = PBXBuildFile; fileRef = 87E3FB7F2B46E3540033A085 /* LocationManager.swift */; };
/* End PBXBuildFile section */

/* Begin PBXFileReference section */
		870B69A42B473101001E6A2F /* LocationPermissionAlwaysView.swift */ = {isa = PBXFileReference; lastKnownFileType = sourcecode.swift; path = LocationPermissionAlwaysView.swift; sourceTree = "<group>"; };
		870B69A62B4752CF001E6A2F /* LocationPermissionBySettingsView.swift */ = {isa = PBXFileReference; lastKnownFileType = sourcecode.swift; path = LocationPermissionBySettingsView.swift; sourceTree = "<group>"; };
		870B69A82B499D49001E6A2F /* InfoPlist.xcstrings */ = {isa = PBXFileReference; lastKnownFileType = text.json.xcstrings; name = InfoPlist.xcstrings; path = ../../../InfoPlist.xcstrings; sourceTree = "<group>"; };
		870B69AA2B49DDAB001E6A2F /* ParentalPermissionView.swift */ = {isa = PBXFileReference; lastKnownFileType = sourcecode.swift; path = ParentalPermissionView.swift; sourceTree = "<group>"; };
		870B69AD2B4B5563001E6A2F /* LocationInfo.swift */ = {isa = PBXFileReference; lastKnownFileType = sourcecode.swift; path = LocationInfo.swift; sourceTree = "<group>"; };
		870CCC482B3C518D0042C976 /* Lohabi.app */ = {isa = PBXFileReference; explicitFileType = wrapper.application; includeInIndex = 0; path = Lohabi.app; sourceTree = BUILT_PRODUCTS_DIR; };
		870CCC4B2B3C518D0042C976 /* LohabiApp.swift */ = {isa = PBXFileReference; lastKnownFileType = sourcecode.swift; path = LohabiApp.swift; sourceTree = "<group>"; };
		870CCC4D2B3C518D0042C976 /* ContentView.swift */ = {isa = PBXFileReference; lastKnownFileType = sourcecode.swift; path = ContentView.swift; sourceTree = "<group>"; };
		870CCC4F2B3C518E0042C976 /* Assets.xcassets */ = {isa = PBXFileReference; lastKnownFileType = folder.assetcatalog; path = Assets.xcassets; sourceTree = "<group>"; };
		870CCC522B3C518E0042C976 /* Preview Assets.xcassets */ = {isa = PBXFileReference; lastKnownFileType = folder.assetcatalog; path = "Preview Assets.xcassets"; sourceTree = "<group>"; };
		87945B102B8BA80A008E8AD9 /* LobabiLocation.swift */ = {isa = PBXFileReference; lastKnownFileType = sourcecode.swift; path = LobabiLocation.swift; sourceTree = "<group>"; };
		87945B122B8BE43B008E8AD9 /* LocationRow.swift */ = {isa = PBXFileReference; lastKnownFileType = sourcecode.swift; path = LocationRow.swift; sourceTree = "<group>"; };
		87945B142B9239C0008E8AD9 /* LohabiLocationMapView.swift */ = {isa = PBXFileReference; lastKnownFileType = sourcecode.swift; path = LohabiLocationMapView.swift; sourceTree = "<group>"; };
		87BFB7352B3DF4310069456C /* AddLohabiLocationView.swift */ = {isa = PBXFileReference; lastKnownFileType = sourcecode.swift; path = AddLohabiLocationView.swift; sourceTree = "<group>"; };
		87BFB7382B3E0DE30069456C /* SettingsView.swift */ = {isa = PBXFileReference; lastKnownFileType = sourcecode.swift; path = SettingsView.swift; sourceTree = "<group>"; };
		87BFB7412B3E2FFE0069456C /* LohabiNavigationStack.swift */ = {isa = PBXFileReference; lastKnownFileType = sourcecode.swift; path = LohabiNavigationStack.swift; sourceTree = "<group>"; };
		87BFB7452B40D9030069456C /* OnboardingView.swift */ = {isa = PBXFileReference; lastKnownFileType = sourcecode.swift; path = OnboardingView.swift; sourceTree = "<group>"; };
		87BFB7472B41AA290069456C /* WelcomeView.swift */ = {isa = PBXFileReference; lastKnownFileType = sourcecode.swift; path = WelcomeView.swift; sourceTree = "<group>"; };
		87BFB7492B41AA840069456C /* FinishedView.swift */ = {isa = PBXFileReference; lastKnownFileType = sourcecode.swift; path = FinishedView.swift; sourceTree = "<group>"; };
		87BFB74B2B41C28E0069456C /* OnboardingContentView.swift */ = {isa = PBXFileReference; lastKnownFileType = sourcecode.swift; path = OnboardingContentView.swift; sourceTree = "<group>"; };
		87BFB74F2B41D21E0069456C /* LocationPermissionWhenInUseView.swift */ = {isa = PBXFileReference; lastKnownFileType = sourcecode.swift; path = LocationPermissionWhenInUseView.swift; sourceTree = "<group>"; };
		87E3FB742B447F640033A085 /* LohabiPrimaryButton.swift */ = {isa = PBXFileReference; lastKnownFileType = sourcecode.swift; path = LohabiPrimaryButton.swift; sourceTree = "<group>"; };
		87E3FB772B448AB10033A085 /* OnboardingManager.swift */ = {isa = PBXFileReference; lastKnownFileType = sourcecode.swift; path = OnboardingManager.swift; sourceTree = "<group>"; };
		87E3FB792B4492010033A085 /* UserDefaultsManager.swift */ = {isa = PBXFileReference; lastKnownFileType = sourcecode.swift; path = UserDefaultsManager.swift; sourceTree = "<group>"; };
		87E3FB7B2B44B21A0033A085 /* Localizable.xcstrings */ = {isa = PBXFileReference; lastKnownFileType = text.json.xcstrings; path = Localizable.xcstrings; sourceTree = "<group>"; };
		87E3FB7D2B44CBCE0033A085 /* LohabiSecondaryButton.swift */ = {isa = PBXFileReference; lastKnownFileType = sourcecode.swift; path = LohabiSecondaryButton.swift; sourceTree = "<group>"; };
		87E3FB7F2B46E3540033A085 /* LocationManager.swift */ = {isa = PBXFileReference; lastKnownFileType = sourcecode.swift; path = LocationManager.swift; sourceTree = "<group>"; };
		87E3FB812B46F5830033A085 /* Info.plist */ = {isa = PBXFileReference; lastKnownFileType = text.plist; path = Info.plist; sourceTree = "<group>"; };
/* End PBXFileReference section */

/* Begin PBXFrameworksBuildPhase section */
		870CCC452B3C518D0042C976 /* Frameworks */ = {
			isa = PBXFrameworksBuildPhase;
			buildActionMask = 2147483647;
			files = (
			);
			runOnlyForDeploymentPostprocessing = 0;
		};
/* End PBXFrameworksBuildPhase section */

/* Begin PBXGroup section */
		870B69AC2B4B5550001E6A2F /* Models */ = {
			isa = PBXGroup;
			children = (
				870B69AD2B4B5563001E6A2F /* LocationInfo.swift */,
				87945B102B8BA80A008E8AD9 /* LobabiLocation.swift */,
			);
			path = Models;
			sourceTree = "<group>";
		};
		870CCC3F2B3C518D0042C976 = {
			isa = PBXGroup;
			children = (
				870B69A82B499D49001E6A2F /* InfoPlist.xcstrings */,
				87E3FB7B2B44B21A0033A085 /* Localizable.xcstrings */,
				870CCC4A2B3C518D0042C976 /* Lohabi */,
				870CCC492B3C518D0042C976 /* Products */,
			);
			sourceTree = "<group>";
		};
		870CCC492B3C518D0042C976 /* Products */ = {
			isa = PBXGroup;
			children = (
				870CCC482B3C518D0042C976 /* Lohabi.app */,
			);
			name = Products;
			sourceTree = "<group>";
		};
		870CCC4A2B3C518D0042C976 /* Lohabi */ = {
			isa = PBXGroup;
			children = (
				87E3FB812B46F5830033A085 /* Info.plist */,
				870B69AC2B4B5550001E6A2F /* Models */,
				87E3FB762B448A980033A085 /* Managers */,
				87BFB7402B3E2FE40069456C /* Components */,
				87BFB7432B3E38680069456C /* Views */,
				870CCC4F2B3C518E0042C976 /* Assets.xcassets */,
				870CCC512B3C518E0042C976 /* Preview Content */,
			);
			path = Lohabi;
			sourceTree = "<group>";
		};
		870CCC512B3C518E0042C976 /* Preview Content */ = {
			isa = PBXGroup;
			children = (
				870CCC522B3C518E0042C976 /* Preview Assets.xcassets */,
			);
			path = "Preview Content";
			sourceTree = "<group>";
		};
		87BFB7342B3DF4040069456C /* AddLohabi */ = {
			isa = PBXGroup;
			children = (
				87BFB7352B3DF4310069456C /* AddLohabiLocationView.swift */,
				87945B122B8BE43B008E8AD9 /* LocationRow.swift */,
			);
			path = AddLohabi;
			sourceTree = "<group>";
		};
		87BFB7372B3E0DCE0069456C /* Settings */ = {
			isa = PBXGroup;
			children = (
				87BFB7382B3E0DE30069456C /* SettingsView.swift */,
			);
			path = Settings;
			sourceTree = "<group>";
		};
		87BFB7402B3E2FE40069456C /* Components */ = {
			isa = PBXGroup;
			children = (
				87BFB7412B3E2FFE0069456C /* LohabiNavigationStack.swift */,
				87BFB74B2B41C28E0069456C /* OnboardingContentView.swift */,
				87E3FB742B447F640033A085 /* LohabiPrimaryButton.swift */,
				87E3FB7D2B44CBCE0033A085 /* LohabiSecondaryButton.swift */,
				87945B142B9239C0008E8AD9 /* LohabiLocationMapView.swift */,
			);
			path = Components;
			sourceTree = "<group>";
		};
		87BFB7432B3E38680069456C /* Views */ = {
			isa = PBXGroup;
			children = (
				87BFB7442B40B4820069456C /* Onboarding */,
				87BFB7342B3DF4040069456C /* AddLohabi */,
				87BFB7372B3E0DCE0069456C /* Settings */,
				870CCC4B2B3C518D0042C976 /* LohabiApp.swift */,
				870CCC4D2B3C518D0042C976 /* ContentView.swift */,
			);
			path = Views;
			sourceTree = "<group>";
		};
		87BFB7442B40B4820069456C /* Onboarding */ = {
			isa = PBXGroup;
			children = (
				87BFB7452B40D9030069456C /* OnboardingView.swift */,
				87BFB7472B41AA290069456C /* WelcomeView.swift */,
				87BFB74F2B41D21E0069456C /* LocationPermissionWhenInUseView.swift */,
				870B69A42B473101001E6A2F /* LocationPermissionAlwaysView.swift */,
				870B69A62B4752CF001E6A2F /* LocationPermissionBySettingsView.swift */,
				870B69AA2B49DDAB001E6A2F /* ParentalPermissionView.swift */,
				87BFB7492B41AA840069456C /* FinishedView.swift */,
			);
			path = Onboarding;
			sourceTree = "<group>";
		};
		87E3FB762B448A980033A085 /* Managers */ = {
			isa = PBXGroup;
			children = (
				87E3FB772B448AB10033A085 /* OnboardingManager.swift */,
				87E3FB792B4492010033A085 /* UserDefaultsManager.swift */,
				87E3FB7F2B46E3540033A085 /* LocationManager.swift */,
			);
			path = Managers;
			sourceTree = "<group>";
		};
/* End PBXGroup section */

/* Begin PBXNativeTarget section */
		870CCC472B3C518D0042C976 /* Lohabi */ = {
			isa = PBXNativeTarget;
			buildConfigurationList = 870CCC562B3C518E0042C976 /* Build configuration list for PBXNativeTarget "Lohabi" */;
			buildPhases = (
				870CCC442B3C518D0042C976 /* Sources */,
				870CCC452B3C518D0042C976 /* Frameworks */,
				870CCC462B3C518D0042C976 /* Resources */,
			);
			buildRules = (
			);
			dependencies = (
			);
			name = Lohabi;
			productName = Lohabi;
			productReference = 870CCC482B3C518D0042C976 /* Lohabi.app */;
			productType = "com.apple.product-type.application";
		};
/* End PBXNativeTarget section */

/* Begin PBXProject section */
		870CCC402B3C518D0042C976 /* Project object */ = {
			isa = PBXProject;
			attributes = {
				BuildIndependentTargetsInParallel = 1;
				LastSwiftUpdateCheck = 1510;
				LastUpgradeCheck = 1510;
				TargetAttributes = {
					870CCC472B3C518D0042C976 = {
						CreatedOnToolsVersion = 15.1;
					};
				};
			};
			buildConfigurationList = 870CCC432B3C518D0042C976 /* Build configuration list for PBXProject "Lohabi" */;
			compatibilityVersion = "Xcode 14.0";
			developmentRegion = en;
			hasScannedForEncodings = 0;
			knownRegions = (
				en,
				Base,
				nl,
			);
			mainGroup = 870CCC3F2B3C518D0042C976;
			productRefGroup = 870CCC492B3C518D0042C976 /* Products */;
			projectDirPath = "";
			projectRoot = "";
			targets = (
				870CCC472B3C518D0042C976 /* Lohabi */,
			);
		};
/* End PBXProject section */

/* Begin PBXResourcesBuildPhase section */
		870CCC462B3C518D0042C976 /* Resources */ = {
			isa = PBXResourcesBuildPhase;
			buildActionMask = 2147483647;
			files = (
				870CCC532B3C518E0042C976 /* Preview Assets.xcassets in Resources */,
				870CCC502B3C518E0042C976 /* Assets.xcassets in Resources */,
				870B69A92B499D49001E6A2F /* InfoPlist.xcstrings in Resources */,
				87E3FB7C2B44B21A0033A085 /* Localizable.xcstrings in Resources */,
			);
			runOnlyForDeploymentPostprocessing = 0;
		};
/* End PBXResourcesBuildPhase section */

/* Begin PBXSourcesBuildPhase section */
		870CCC442B3C518D0042C976 /* Sources */ = {
			isa = PBXSourcesBuildPhase;
			buildActionMask = 2147483647;
			files = (
				87BFB7422B3E2FFE0069456C /* LohabiNavigationStack.swift in Sources */,
				870B69A72B4752CF001E6A2F /* LocationPermissionBySettingsView.swift in Sources */,
				870CCC4E2B3C518D0042C976 /* ContentView.swift in Sources */,
				87E3FB802B46E3540033A085 /* LocationManager.swift in Sources */,
				87E3FB782B448AB10033A085 /* OnboardingManager.swift in Sources */,
				87E3FB752B447F640033A085 /* LohabiPrimaryButton.swift in Sources */,
				87BFB74C2B41C28E0069456C /* OnboardingContentView.swift in Sources */,
				87BFB7392B3E0DE30069456C /* SettingsView.swift in Sources */,
				87BFB7462B40D9040069456C /* OnboardingView.swift in Sources */,
				87BFB74A2B41AA840069456C /* FinishedView.swift in Sources */,
				870B69AE2B4B5563001E6A2F /* LocationInfo.swift in Sources */,
				87945B132B8BE43B008E8AD9 /* LocationRow.swift in Sources */,
				87BFB7502B41D21E0069456C /* LocationPermissionWhenInUseView.swift in Sources */,
				87945B152B9239C0008E8AD9 /* LohabiLocationMapView.swift in Sources */,
				870CCC4C2B3C518D0042C976 /* LohabiApp.swift in Sources */,
				87945B112B8BA80A008E8AD9 /* LobabiLocation.swift in Sources */,
				87E3FB7A2B4492010033A085 /* UserDefaultsManager.swift in Sources */,
				870B69A52B473101001E6A2F /* LocationPermissionAlwaysView.swift in Sources */,
				87BFB7362B3DF4310069456C /* AddLohabiLocationView.swift in Sources */,
				87BFB7482B41AA290069456C /* WelcomeView.swift in Sources */,
				870B69AB2B49DDAB001E6A2F /* ParentalPermissionView.swift in Sources */,
				87E3FB7E2B44CBCE0033A085 /* LohabiSecondaryButton.swift in Sources */,
			);
			runOnlyForDeploymentPostprocessing = 0;
		};
/* End PBXSourcesBuildPhase section */

/* Begin XCBuildConfiguration section */
		870CCC542B3C518E0042C976 /* Debug */ = {
			isa = XCBuildConfiguration;
			buildSettings = {
				ALWAYS_SEARCH_USER_PATHS = NO;
				ASSETCATALOG_COMPILER_GENERATE_SWIFT_ASSET_SYMBOL_EXTENSIONS = YES;
				CLANG_ANALYZER_NONNULL = YES;
				CLANG_ANALYZER_NUMBER_OBJECT_CONVERSION = YES_AGGRESSIVE;
				CLANG_CXX_LANGUAGE_STANDARD = "gnu++20";
				CLANG_ENABLE_MODULES = YES;
				CLANG_ENABLE_OBJC_ARC = YES;
				CLANG_ENABLE_OBJC_WEAK = YES;
				CLANG_WARN_BLOCK_CAPTURE_AUTORELEASING = YES;
				CLANG_WARN_BOOL_CONVERSION = YES;
				CLANG_WARN_COMMA = YES;
				CLANG_WARN_CONSTANT_CONVERSION = YES;
				CLANG_WARN_DEPRECATED_OBJC_IMPLEMENTATIONS = YES;
				CLANG_WARN_DIRECT_OBJC_ISA_USAGE = YES_ERROR;
				CLANG_WARN_DOCUMENTATION_COMMENTS = YES;
				CLANG_WARN_EMPTY_BODY = YES;
				CLANG_WARN_ENUM_CONVERSION = YES;
				CLANG_WARN_INFINITE_RECURSION = YES;
				CLANG_WARN_INT_CONVERSION = YES;
				CLANG_WARN_NON_LITERAL_NULL_CONVERSION = YES;
				CLANG_WARN_OBJC_IMPLICIT_RETAIN_SELF = YES;
				CLANG_WARN_OBJC_LITERAL_CONVERSION = YES;
				CLANG_WARN_OBJC_ROOT_CLASS = YES_ERROR;
				CLANG_WARN_QUOTED_INCLUDE_IN_FRAMEWORK_HEADER = YES;
				CLANG_WARN_RANGE_LOOP_ANALYSIS = YES;
				CLANG_WARN_STRICT_PROTOTYPES = YES;
				CLANG_WARN_SUSPICIOUS_MOVE = YES;
				CLANG_WARN_UNGUARDED_AVAILABILITY = YES_AGGRESSIVE;
				CLANG_WARN_UNREACHABLE_CODE = YES;
				CLANG_WARN__DUPLICATE_METHOD_MATCH = YES;
				COPY_PHASE_STRIP = NO;
				DEBUG_INFORMATION_FORMAT = dwarf;
				ENABLE_STRICT_OBJC_MSGSEND = YES;
				ENABLE_TESTABILITY = YES;
				ENABLE_USER_SCRIPT_SANDBOXING = YES;
				GCC_C_LANGUAGE_STANDARD = gnu17;
				GCC_DYNAMIC_NO_PIC = NO;
				GCC_NO_COMMON_BLOCKS = YES;
				GCC_OPTIMIZATION_LEVEL = 0;
				GCC_PREPROCESSOR_DEFINITIONS = (
					"DEBUG=1",
					"$(inherited)",
				);
				GCC_WARN_64_TO_32_BIT_CONVERSION = YES;
				GCC_WARN_ABOUT_RETURN_TYPE = YES_ERROR;
				GCC_WARN_UNDECLARED_SELECTOR = YES;
				GCC_WARN_UNINITIALIZED_AUTOS = YES_AGGRESSIVE;
				GCC_WARN_UNUSED_FUNCTION = YES;
				GCC_WARN_UNUSED_VARIABLE = YES;
				IPHONEOS_DEPLOYMENT_TARGET = 17.2;
				LOCALIZATION_PREFERS_STRING_CATALOGS = YES;
				MTL_ENABLE_DEBUG_INFO = INCLUDE_SOURCE;
				MTL_FAST_MATH = YES;
				ONLY_ACTIVE_ARCH = YES;
				SDKROOT = iphoneos;
				SWIFT_ACTIVE_COMPILATION_CONDITIONS = "DEBUG $(inherited)";
				SWIFT_OPTIMIZATION_LEVEL = "-Onone";
			};
			name = Debug;
		};
		870CCC552B3C518E0042C976 /* Release */ = {
			isa = XCBuildConfiguration;
			buildSettings = {
				ALWAYS_SEARCH_USER_PATHS = NO;
				ASSETCATALOG_COMPILER_GENERATE_SWIFT_ASSET_SYMBOL_EXTENSIONS = YES;
				CLANG_ANALYZER_NONNULL = YES;
				CLANG_ANALYZER_NUMBER_OBJECT_CONVERSION = YES_AGGRESSIVE;
				CLANG_CXX_LANGUAGE_STANDARD = "gnu++20";
				CLANG_ENABLE_MODULES = YES;
				CLANG_ENABLE_OBJC_ARC = YES;
				CLANG_ENABLE_OBJC_WEAK = YES;
				CLANG_WARN_BLOCK_CAPTURE_AUTORELEASING = YES;
				CLANG_WARN_BOOL_CONVERSION = YES;
				CLANG_WARN_COMMA = YES;
				CLANG_WARN_CONSTANT_CONVERSION = YES;
				CLANG_WARN_DEPRECATED_OBJC_IMPLEMENTATIONS = YES;
				CLANG_WARN_DIRECT_OBJC_ISA_USAGE = YES_ERROR;
				CLANG_WARN_DOCUMENTATION_COMMENTS = YES;
				CLANG_WARN_EMPTY_BODY = YES;
				CLANG_WARN_ENUM_CONVERSION = YES;
				CLANG_WARN_INFINITE_RECURSION = YES;
				CLANG_WARN_INT_CONVERSION = YES;
				CLANG_WARN_NON_LITERAL_NULL_CONVERSION = YES;
				CLANG_WARN_OBJC_IMPLICIT_RETAIN_SELF = YES;
				CLANG_WARN_OBJC_LITERAL_CONVERSION = YES;
				CLANG_WARN_OBJC_ROOT_CLASS = YES_ERROR;
				CLANG_WARN_QUOTED_INCLUDE_IN_FRAMEWORK_HEADER = YES;
				CLANG_WARN_RANGE_LOOP_ANALYSIS = YES;
				CLANG_WARN_STRICT_PROTOTYPES = YES;
				CLANG_WARN_SUSPICIOUS_MOVE = YES;
				CLANG_WARN_UNGUARDED_AVAILABILITY = YES_AGGRESSIVE;
				CLANG_WARN_UNREACHABLE_CODE = YES;
				CLANG_WARN__DUPLICATE_METHOD_MATCH = YES;
				COPY_PHASE_STRIP = NO;
				DEBUG_INFORMATION_FORMAT = "dwarf-with-dsym";
				ENABLE_NS_ASSERTIONS = NO;
				ENABLE_STRICT_OBJC_MSGSEND = YES;
				ENABLE_USER_SCRIPT_SANDBOXING = YES;
				GCC_C_LANGUAGE_STANDARD = gnu17;
				GCC_NO_COMMON_BLOCKS = YES;
				GCC_WARN_64_TO_32_BIT_CONVERSION = YES;
				GCC_WARN_ABOUT_RETURN_TYPE = YES_ERROR;
				GCC_WARN_UNDECLARED_SELECTOR = YES;
				GCC_WARN_UNINITIALIZED_AUTOS = YES_AGGRESSIVE;
				GCC_WARN_UNUSED_FUNCTION = YES;
				GCC_WARN_UNUSED_VARIABLE = YES;
				IPHONEOS_DEPLOYMENT_TARGET = 17.2;
				LOCALIZATION_PREFERS_STRING_CATALOGS = YES;
				MTL_ENABLE_DEBUG_INFO = NO;
				MTL_FAST_MATH = YES;
				SDKROOT = iphoneos;
				SWIFT_COMPILATION_MODE = wholemodule;
				VALIDATE_PRODUCT = YES;
			};
			name = Release;
		};
		870CCC572B3C518E0042C976 /* Debug */ = {
			isa = XCBuildConfiguration;
			buildSettings = {
				ASSETCATALOG_COMPILER_APPICON_NAME = AppIcon;
				ASSETCATALOG_COMPILER_GLOBAL_ACCENT_COLOR_NAME = AccentColor;
				CODE_SIGN_STYLE = Automatic;
				CURRENT_PROJECT_VERSION = 1;
				DEVELOPMENT_ASSET_PATHS = "\"Lohabi/Preview Content\"";
				DEVELOPMENT_TEAM = VX8CYT528Q;
				ENABLE_PREVIEWS = YES;
				GENERATE_INFOPLIST_FILE = YES;
				INFOPLIST_FILE = Lohabi/Info.plist;
				INFOPLIST_KEY_CFBundleDisplayName = "";
				INFOPLIST_KEY_LSApplicationCategoryType = "";
				INFOPLIST_KEY_NSLocationAlwaysAndWhenInUseUsageDescription = "We need the permission 'Change to Always Allow' in order to verify that you are at the correct location for the measurement, even if your not using your iPhone.";
				INFOPLIST_KEY_NSLocationWhenInUseUsageDescription = "We need the permission 'Allow While Using App' in order to verify that you are at the correct location for the measurement in the foreground.";
				INFOPLIST_KEY_UIApplicationSceneManifest_Generation = YES;
				INFOPLIST_KEY_UIApplicationSupportsIndirectInputEvents = YES;
				INFOPLIST_KEY_UILaunchScreen_Generation = YES;
				INFOPLIST_KEY_UIStatusBarStyle = "";
				INFOPLIST_KEY_UISupportedInterfaceOrientations_iPad = "UIInterfaceOrientationPortrait UIInterfaceOrientationPortraitUpsideDown UIInterfaceOrientationLandscapeLeft UIInterfaceOrientationLandscapeRight";
				INFOPLIST_KEY_UISupportedInterfaceOrientations_iPhone = "UIInterfaceOrientationPortrait UIInterfaceOrientationLandscapeLeft UIInterfaceOrientationLandscapeRight";
				LD_RUNPATH_SEARCH_PATHS = (
					"$(inherited)",
					"@executable_path/Frameworks",
				);
				MARKETING_VERSION = 1.0;
				PRODUCT_BUNDLE_IDENTIFIER = srdegier.Lohabi;
				PRODUCT_NAME = "$(TARGET_NAME)";
				SWIFT_EMIT_LOC_STRINGS = YES;
				SWIFT_VERSION = 5.0;
				TARGETED_DEVICE_FAMILY = "1,2";
			};
			name = Debug;
		};
		870CCC582B3C518E0042C976 /* Release */ = {
			isa = XCBuildConfiguration;
			buildSettings = {
				ASSETCATALOG_COMPILER_APPICON_NAME = AppIcon;
				ASSETCATALOG_COMPILER_GLOBAL_ACCENT_COLOR_NAME = AccentColor;
				CODE_SIGN_STYLE = Automatic;
				CURRENT_PROJECT_VERSION = 1;
				DEVELOPMENT_ASSET_PATHS = "\"Lohabi/Preview Content\"";
				DEVELOPMENT_TEAM = VX8CYT528Q;
				ENABLE_PREVIEWS = YES;
				GENERATE_INFOPLIST_FILE = YES;
				INFOPLIST_FILE = Lohabi/Info.plist;
				INFOPLIST_KEY_CFBundleDisplayName = "";
				INFOPLIST_KEY_LSApplicationCategoryType = "";
				INFOPLIST_KEY_NSLocationAlwaysAndWhenInUseUsageDescription = "We need the permission 'Change to Always Allow' in order to verify that you are at the correct location for the measurement, even if your not using your iPhone.";
				INFOPLIST_KEY_NSLocationWhenInUseUsageDescription = "We need the permission 'Allow While Using App' in order to verify that you are at the correct location for the measurement in the foreground.";
				INFOPLIST_KEY_UIApplicationSceneManifest_Generation = YES;
				INFOPLIST_KEY_UIApplicationSupportsIndirectInputEvents = YES;
				INFOPLIST_KEY_UILaunchScreen_Generation = YES;
				INFOPLIST_KEY_UIStatusBarStyle = "";
				INFOPLIST_KEY_UISupportedInterfaceOrientations_iPad = "UIInterfaceOrientationPortrait UIInterfaceOrientationPortraitUpsideDown UIInterfaceOrientationLandscapeLeft UIInterfaceOrientationLandscapeRight";
				INFOPLIST_KEY_UISupportedInterfaceOrientations_iPhone = "UIInterfaceOrientationPortrait UIInterfaceOrientationLandscapeLeft UIInterfaceOrientationLandscapeRight";
				LD_RUNPATH_SEARCH_PATHS = (
					"$(inherited)",
					"@executable_path/Frameworks",
				);
				MARKETING_VERSION = 1.0;
				PRODUCT_BUNDLE_IDENTIFIER = srdegier.Lohabi;
				PRODUCT_NAME = "$(TARGET_NAME)";
				SWIFT_EMIT_LOC_STRINGS = YES;
				SWIFT_VERSION = 5.0;
				TARGETED_DEVICE_FAMILY = "1,2";
			};
			name = Release;
		};
/* End XCBuildConfiguration section */

/* Begin XCConfigurationList section */
		870CCC432B3C518D0042C976 /* Build configuration list for PBXProject "Lohabi" */ = {
			isa = XCConfigurationList;
			buildConfigurations = (
				870CCC542B3C518E0042C976 /* Debug */,
				870CCC552B3C518E0042C976 /* Release */,
			);
			defaultConfigurationIsVisible = 0;
			defaultConfigurationName = Release;
		};
		870CCC562B3C518E0042C976 /* Build configuration list for PBXNativeTarget "Lohabi" */ = {
			isa = XCConfigurationList;
			buildConfigurations = (
				870CCC572B3C518E0042C976 /* Debug */,
				870CCC582B3C518E0042C976 /* Release */,
			);
			defaultConfigurationIsVisible = 0;
			defaultConfigurationName = Release;
		};
/* End XCConfigurationList section */
	};
	rootObject = 870CCC402B3C518D0042C976 /* Project object */;
}
